
Microsoft Visual Studio Solution File, Format Version 12.00
# Visual Studio Version 17
VisualStudioVersion = 17.9.34728.123
MinimumVisualStudioVersion = 10.0.40219.1
Project("{888888A0-9F3D-457C-B088-3A5042F75D52}") = "FlaskWebProject1", "FlaskWebProject1\FlaskWebProject1.pyproj", "{AD8F9E29-AD1E-4806-AA68-CC62657364E4}"
EndProject
Global
	GlobalSection(SolutionConfigurationPlatforms) = preSolution
		Debug|Any CPU = Debug|Any CPU
		Release|Any CPU = Release|Any CPU
	EndGlobalSection
	GlobalSection(ProjectConfigurationPlatforms) = postSolution
		{AD8F9E29-AD1E-4806-AA68-CC62657364E4}.Debug|Any CPU.ActiveCfg = Debug|Any CPU
		{AD8F9E29-AD1E-4806-AA68-CC62657364E4}.Debug|Any CPU.Build.0 = Debug|Any CPU
		{AD8F9E29-AD1E-4806-AA68-CC62657364E4}.Release|Any CPU.ActiveCfg = Release|Any CPU
		{AD8F9E29-AD1E-4806-AA68-CC62657364E4}.Release|Any CPU.Build.0 = Release|Any CPU
	EndGlobalSection
	GlobalSection(SolutionProperties) = preSolution
		HideSolutionNode = FALSE
	EndGlobalSection
	GlobalSection(ExtensibilityGlobals) = postSolution
		SolutionGuid = {FE182539-03A8-4CC2-AD52-E114AF840250}
	EndGlobalSection
EndGlobal
